
Microsoft Visual Studio Solution File, Format Version 12.00
# Visual Studio 15
VisualStudioVersion = 15.0.28307.852
MinimumVisualStudioVersion = 10.0.40219.1
Project("{8BC9CEB8-8B4A-11D0-8D11-00A0C91BC942}") = "02_Pointers", "02_Pointers\02_Pointers.vcxproj", "{4BC75E3F-C0EC-4F6F-90F7-F83E8F2D9486}"
EndProject
Global
	GlobalSection(SolutionConfigurationPlatforms) = preSolution
		Debug|x64 = Debug|x64
		Debug|x86 = Debug|x86
		Release|x64 = Release|x64
		Release|x86 = Release|x86
	EndGlobalSection
	GlobalSection(ProjectConfigurationPlatforms) = postSolution
		{4BC75E3F-C0EC-4F6F-90F7-F83E8F2D9486}.Debug|x64.ActiveCfg = Debug|x64
		{4BC75E3F-C0EC-4F6F-90F7-F83E8F2D9486}.Debug|x64.Build.0 = Debug|x64
		{4BC75E3F-C0EC-4F6F-90F7-F83E8F2D9486}.Debug|x86.ActiveCfg = Debug|Win32
		{4BC75E3F-C0EC-4F6F-90F7-F83E8F2D9486}.Debug|x86.Build.0 = Debug|Win32
		{4BC75E3F-C0EC-4F6F-90F7-F83E8F2D9486}.Release|x64.ActiveCfg = Release|x64
		{4BC75E3F-C0EC-4F6F-90F7-F83E8F2D9486}.Release|x64.Build.0 = Release|x64
		{4BC75E3F-C0EC-4F6F-90F7-F83E8F2D9486}.Release|x86.ActiveCfg = Release|Win32
		{4BC75E3F-C0EC-4F6F-90F7-F83E8F2D9486}.Release|x86.Build.0 = Release|Win32
	EndGlobalSection
	GlobalSection(SolutionProperties) = preSolution
		HideSolutionNode = FALSE
	EndGlobalSection
	GlobalSection(ExtensibilityGlobals) = postSolution
		SolutionGuid = {D2E20373-0CD1-4B8D-955E-07641BF63EE9}
	EndGlobalSection
EndGlobal
