<?xml version="1.0" encoding="utf-8"?>
<Project ToolsVersion="4.0" xmlns="http://schemas.microsoft.com/developer/msbuild/2003">
  <ItemGroup>
    <ClCompile Include="Application.cpp" />
    <ClCompile Include="log.cpp" />
    <ClCompile Include="Main.cpp" />
    <ClCompile Include="ModuleInput.cpp" />
    <ClCompile Include="ModuleRender.cpp" />
    <ClCompile Include="ModuleWindow.cpp" />
    <ClCompile Include="MathGeoLib\include\Time\Clock.cpp">
      <Filter>MathGeoLib</Filter>
    </ClCompile>
    <ClCompile Include="MathGeoLib\include\Math\BitOps.cpp">
      <Filter>MathGeoLib</Filter>
    </ClCompile>
    <ClCompile Include="MathGeoLib\include\Math\float2.cpp">
      <Filter>MathGeoLib</Filter>
    </ClCompile>
    <ClCompile Include="MathGeoLib\include\Math\float3.cpp">
      <Filter>MathGeoLib</Filter>
    </ClCompile>
    <ClCompile Include="MathGeoLib\include\Math\float3x3.cpp">
      <Filter>MathGeoLib</Filter>
    </ClCompile>
    <ClCompile Include="MathGeoLib\include\Math\float3x4.cpp">
      <Filter>MathGeoLib</Filter>
    </ClCompile>
    <ClCompile Include="MathGeoLib\include\Math\float4.cpp">
      <Filter>MathGeoLib</Filter>
    </ClCompile>
    <ClCompile Include="MathGeoLib\include\Math\float4x4.cpp">
      <Filter>MathGeoLib</Filter>
    </ClCompile>
    <ClCompile Include="MathGeoLib\include\Math\MathFunc.cpp">
      <Filter>MathGeoLib</Filter>
    </ClCompile>
    <ClCompile Include="MathGeoLib\include\Math\MathLog.cpp">
      <Filter>MathGeoLib</Filter>
    </ClCompile>
    <ClCompile Include="MathGeoLib\include\Math\MathOps.cpp">
      <Filter>MathGeoLib</Filter>
    </ClCompile>
    <ClCompile Include="MathGeoLib\include\Math\Polynomial.cpp">
      <Filter>MathGeoLib</Filter>
    </ClCompile>
    <ClCompile Include="MathGeoLib\include\Math\Quat.cpp">
      <Filter>MathGeoLib</Filter>
    </ClCompile>
    <ClCompile Include="MathGeoLib\include\Math\SSEMath.cpp">
      <Filter>MathGeoLib</Filter>
    </ClCompile>
    <ClCompile Include="MathGeoLib\include\Math\TransformOps.cpp">
      <Filter>MathGeoLib</Filter>
    </ClCompile>
    <ClCompile Include="MathGeoLib\include\Geometry\AABB.cpp">
      <Filter>MathGeoLib</Filter>
    </ClCompile>
    <ClCompile Include="MathGeoLib\include\Geometry\Capsule.cpp">
      <Filter>MathGeoLib</Filter>
    </ClCompile>
    <ClCompile Include="MathGeoLib\include\Geometry\Circle.cpp">
      <Filter>MathGeoLib</Filter>
    </ClCompile>
    <ClCompile Include="MathGeoLib\include\Geometry\Cone.cpp">
      <Filter>MathGeoLib</Filter>
    </ClCompile>
    <ClCompile Include="MathGeoLib\include\Geometry\Cylinder.cpp">
      <Filter>MathGeoLib</Filter>
    </ClCompile>
    <ClCompile Include="MathGeoLib\include\Geometry\Frustum.cpp">
      <Filter>MathGeoLib</Filter>
    </ClCompile>
    <ClCompile Include="MathGeoLib\include\Geometry\Line.cpp">
      <Filter>MathGeoLib</Filter>
    </ClCompile>
    <ClCompile Include="MathGeoLib\include\Geometry\LineSegment.cpp">
      <Filter>MathGeoLib</Filter>
    </ClCompile>
    <ClCompile Include="MathGeoLib\include\Geometry\OBB.cpp">
      <Filter>MathGeoLib</Filter>
    </ClCompile>
    <ClCompile Include="MathGeoLib\include\Geometry\Plane.cpp">
      <Filter>MathGeoLib</Filter>
    </ClCompile>
    <ClCompile Include="MathGeoLib\include\Geometry\Polygon.cpp">
      <Filter>MathGeoLib</Filter>
    </ClCompile>
    <ClCompile Include="MathGeoLib\include\Geometry\Polyhedron.cpp">
      <Filter>MathGeoLib</Filter>
    </ClCompile>
    <ClCompile Include="MathGeoLib\include\Geometry\Ray.cpp">
      <Filter>MathGeoLib</Filter>
    </ClCompile>
    <ClCompile Include="MathGeoLib\include\Geometry\Sphere.cpp">
      <Filter>MathGeoLib</Filter>
    </ClCompile>
    <ClCompile Include="MathGeoLib\include\Geometry\Triangle.cpp">
      <Filter>MathGeoLib</Filter>
    </ClCompile>
    <ClCompile Include="MathGeoLib\include\Geometry\TriangleMesh.cpp">
      <Filter>MathGeoLib</Filter>
    </ClCompile>
    <ClCompile Include="MathGeoLib\include\Algorithm\Random\LCG.cpp">
      <Filter>MathGeoLib</Filter>
    </ClCompile>
    <ClCompile Include="ModuleTriangle.cpp" />
    <ClCompile Include="ModuleEditor.cpp" />
    <ClCompile Include="ImGUI\imgui.cpp">
      <Filter>ImGui</Filter>
    </ClCompile>
    <ClCompile Include="ImGUI\imgui_demo.cpp">
      <Filter>ImGui</Filter>
    </ClCompile>
    <ClCompile Include="ImGUI\imgui_draw.cpp">
      <Filter>ImGui</Filter>
    </ClCompile>
    <ClCompile Include="ImGUI\imgui_impl_opengl3.cpp">
      <Filter>ImGui</Filter>
    </ClCompile>
    <ClCompile Include="ImGUI\imgui_impl_sdl.cpp">
      <Filter>ImGui</Filter>
    </ClCompile>
    <ClCompile Include="ImGUI\imgui_widgets.cpp">
      <Filter>ImGui</Filter>
    </ClCompile>
    <ClCompile Include="ModuleEditorCamera.cpp" />
    <ClCompile Include="ModuleProgramShader.cpp" />
    <ClCompile Include="MsTimer.cpp" />
    <ClCompile Include="MicroTimer.cpp" />
    <ClCompile Include="ModuleTexture.cpp" />
    <ClCompile Include="ModuleModelLoader.cpp" />
    <ClCompile Include="Mesh.cpp" />
    <ClCompile Include="ModuleScene.cpp" />
    <ClCompile Include="GameObject.cpp" />
    <ClCompile Include="ComponentTransform.cpp" />
    <ClCompile Include="ComponentCamera.cpp" />
    <ClCompile Include="ComponentMaterial.cpp" />
    <ClCompile Include="ComponentMesh.cpp" />
    <ClCompile Include="ModuleTime.cpp" />
    <ClCompile Include="Skybox.cpp" />
    <ClCompile Include="ModuleDebugDraw.cpp" />
    <ClCompile Include="Component.cpp" />
    <ClCompile Include="ModuleSpacePartition.cpp" />
    <ClCompile Include="AABBTree.cpp" />
    <ClCompile Include="AABBTreeNode.cpp" />
    <ClCompile Include="Object.cpp" />
    <ClCompile Include="Util\uuid\uuid-windows.cpp">
      <Filter>uuid</Filter>
    </ClCompile>
    <ClCompile Include="Util\uuid\uuid-io.cpp">
      <Filter>uuid</Filter>
    </ClCompile>
    <ClCompile Include="Util\uuid\uuid.cpp">
      <Filter>uuid</Filter>
    </ClCompile>
    <ClCompile Include="physfs-3.0.2\src\physfs.c">
      <Filter>physfs</Filter>
    </ClCompile>
    <ClCompile Include="physfs-3.0.2\src\physfs_archiver_7z.c">
      <Filter>physfs</Filter>
    </ClCompile>
    <ClCompile Include="physfs-3.0.2\src\physfs_archiver_dir.c">
      <Filter>physfs</Filter>
    </ClCompile>
    <ClCompile Include="physfs-3.0.2\src\physfs_archiver_grp.c">
      <Filter>physfs</Filter>
    </ClCompile>
    <ClCompile Include="physfs-3.0.2\src\physfs_archiver_hog.c">
      <Filter>physfs</Filter>
    </ClCompile>
    <ClCompile Include="physfs-3.0.2\src\physfs_archiver_iso9660.c">
      <Filter>physfs</Filter>
    </ClCompile>
    <ClCompile Include="physfs-3.0.2\src\physfs_archiver_mvl.c">
      <Filter>physfs</Filter>
    </ClCompile>
    <ClCompile Include="physfs-3.0.2\src\physfs_archiver_qpak.c">
      <Filter>physfs</Filter>
    </ClCompile>
    <ClCompile Include="physfs-3.0.2\src\physfs_archiver_slb.c">
      <Filter>physfs</Filter>
    </ClCompile>
    <ClCompile Include="physfs-3.0.2\src\physfs_archiver_unpacked.c">
      <Filter>physfs</Filter>
    </ClCompile>
    <ClCompile Include="physfs-3.0.2\src\physfs_archiver_vdf.c">
      <Filter>physfs</Filter>
    </ClCompile>
    <ClCompile Include="physfs-3.0.2\src\physfs_archiver_wad.c">
      <Filter>physfs</Filter>
    </ClCompile>
    <ClCompile Include="physfs-3.0.2\src\physfs_archiver_zip.c">
      <Filter>physfs</Filter>
    </ClCompile>
    <ClCompile Include="physfs-3.0.2\src\physfs_byteorder.c">
      <Filter>physfs</Filter>
    </ClCompile>
    <ClCompile Include="physfs-3.0.2\src\physfs_platform_haiku.cpp">
      <Filter>physfs</Filter>
    </ClCompile>
    <ClCompile Include="physfs-3.0.2\src\physfs_platform_os2.c">
      <Filter>physfs</Filter>
    </ClCompile>
    <ClCompile Include="physfs-3.0.2\src\physfs_platform_posix.c">
      <Filter>physfs</Filter>
    </ClCompile>
    <ClCompile Include="physfs-3.0.2\src\physfs_platform_qnx.c">
      <Filter>physfs</Filter>
    </ClCompile>
    <ClCompile Include="physfs-3.0.2\src\physfs_platform_unix.c">
      <Filter>physfs</Filter>
    </ClCompile>
    <ClCompile Include="physfs-3.0.2\src\physfs_platform_windows.c">
      <Filter>physfs</Filter>
    </ClCompile>
    <ClCompile Include="physfs-3.0.2\src\physfs_platform_winrt.cpp">
      <Filter>physfs</Filter>
    </ClCompile>
    <ClCompile Include="physfs-3.0.2\src\physfs_unicode.c">
      <Filter>physfs</Filter>
    </ClCompile>
  </ItemGroup>
  <ItemGroup>
    <ClInclude Include="Application.h" />
    <ClInclude Include="Globals.h" />
    <ClInclude Include="Module.h" />
    <ClInclude Include="ModuleInput.h" />
    <ClInclude Include="ModuleRender.h" />
    <ClInclude Include="ModuleWindow.h" />
    <ClInclude Include="MathGeoLib\include\MathBuildConfig.h">
      <Filter>MathGeoLib</Filter>
    </ClInclude>
    <ClInclude Include="MathGeoLib\include\MathGeoLib.h">
      <Filter>MathGeoLib</Filter>
    </ClInclude>
    <ClInclude Include="MathGeoLib\include\MathGeoLibFwd.h">
      <Filter>MathGeoLib</Filter>
    </ClInclude>
    <ClInclude Include="MathGeoLib\include\Time\Clock.h">
      <Filter>MathGeoLib</Filter>
    </ClInclude>
    <ClInclude Include="MathGeoLib\include\Math\assume.h">
      <Filter>MathGeoLib</Filter>
    </ClInclude>
    <ClInclude Include="MathGeoLib\include\Math\BitOps.h">
      <Filter>MathGeoLib</Filter>
    </ClInclude>
    <ClInclude Include="MathGeoLib\include\Math\Complex.h">
      <Filter>MathGeoLib</Filter>
    </ClInclude>
    <ClInclude Include="MathGeoLib\include\Math\CoordinateAxisConvention.h">
      <Filter>MathGeoLib</Filter>
    </ClInclude>
    <ClInclude Include="MathGeoLib\include\Math\FixedPoint.h">
      <Filter>MathGeoLib</Filter>
    </ClInclude>
    <ClInclude Include="MathGeoLib\include\Math\float2.h">
      <Filter>MathGeoLib</Filter>
    </ClInclude>
    <ClInclude Include="MathGeoLib\include\Math\float3.h">
      <Filter>MathGeoLib</Filter>
    </ClInclude>
    <ClInclude Include="MathGeoLib\include\Math\float3x3.h">
      <Filter>MathGeoLib</Filter>
    </ClInclude>
    <ClInclude Include="MathGeoLib\include\Math\float3x4.h">
      <Filter>MathGeoLib</Filter>
    </ClInclude>
    <ClInclude Include="MathGeoLib\include\Math\float4.h">
      <Filter>MathGeoLib</Filter>
    </ClInclude>
    <ClInclude Include="MathGeoLib\include\Math\float4_neon.h">
      <Filter>MathGeoLib</Filter>
    </ClInclude>
    <ClInclude Include="MathGeoLib\include\Math\float4_sse.h">
      <Filter>MathGeoLib</Filter>
    </ClInclude>
    <ClInclude Include="MathGeoLib\include\Math\float4x4.h">
      <Filter>MathGeoLib</Filter>
    </ClInclude>
    <ClInclude Include="MathGeoLib\include\Math\float4x4_neon.h">
      <Filter>MathGeoLib</Filter>
    </ClInclude>
    <ClInclude Include="MathGeoLib\include\Math\float4x4_sse.h">
      <Filter>MathGeoLib</Filter>
    </ClInclude>
    <ClInclude Include="MathGeoLib\include\Math\FloatCmp.h">
      <Filter>MathGeoLib</Filter>
    </ClInclude>
    <ClInclude Include="MathGeoLib\include\Math\MathAll.h">
      <Filter>MathGeoLib</Filter>
    </ClInclude>
    <ClInclude Include="MathGeoLib\include\Math\MathConstants.h">
      <Filter>MathGeoLib</Filter>
    </ClInclude>
    <ClInclude Include="MathGeoLib\include\Math\MathFunc.h">
      <Filter>MathGeoLib</Filter>
    </ClInclude>
    <ClInclude Include="MathGeoLib\include\Math\MathLog.h">
      <Filter>MathGeoLib</Filter>
    </ClInclude>
    <ClInclude Include="MathGeoLib\include\Math\MathNamespace.h">
      <Filter>MathGeoLib</Filter>
    </ClInclude>
    <ClInclude Include="MathGeoLib\include\Math\MathTypes.h">
      <Filter>MathGeoLib</Filter>
    </ClInclude>
    <ClInclude Include="MathGeoLib\include\Math\MatrixProxy.h">
      <Filter>MathGeoLib</Filter>
    </ClInclude>
    <ClInclude Include="MathGeoLib\include\Math\myassert.h">
      <Filter>MathGeoLib</Filter>
    </ClInclude>
    <ClInclude Include="MathGeoLib\include\Math\Polynomial.h">
      <Filter>MathGeoLib</Filter>
    </ClInclude>
    <ClInclude Include="MathGeoLib\include\Math\Quat.h">
      <Filter>MathGeoLib</Filter>
    </ClInclude>
    <ClInclude Include="MathGeoLib\include\Math\quat_simd.h">
      <Filter>MathGeoLib</Filter>
    </ClInclude>
    <ClInclude Include="MathGeoLib\include\Math\Rect.h">
      <Filter>MathGeoLib</Filter>
    </ClInclude>
    <ClInclude Include="MathGeoLib\include\Math\Reinterpret.h">
      <Filter>MathGeoLib</Filter>
    </ClInclude>
    <ClInclude Include="MathGeoLib\include\Math\sse_mathfun.h">
      <Filter>MathGeoLib</Filter>
    </ClInclude>
    <ClInclude Include="MathGeoLib\include\Math\SSEMath.h">
      <Filter>MathGeoLib</Filter>
    </ClInclude>
    <ClInclude Include="MathGeoLib\include\Math\TransformOps.h">
      <Filter>MathGeoLib</Filter>
    </ClInclude>
    <ClInclude Include="MathGeoLib\include\Geometry\AABB.h">
      <Filter>MathGeoLib</Filter>
    </ClInclude>
    <ClInclude Include="MathGeoLib\include\Geometry\AABB2D.h">
      <Filter>MathGeoLib</Filter>
    </ClInclude>
    <ClInclude Include="MathGeoLib\include\Geometry\Capsule.h">
      <Filter>MathGeoLib</Filter>
    </ClInclude>
    <ClInclude Include="MathGeoLib\include\Geometry\Circle.h">
      <Filter>MathGeoLib</Filter>
    </ClInclude>
    <ClInclude Include="MathGeoLib\include\Geometry\Cone.h">
      <Filter>MathGeoLib</Filter>
    </ClInclude>
    <ClInclude Include="MathGeoLib\include\Geometry\Cylinder.h">
      <Filter>MathGeoLib</Filter>
    </ClInclude>
    <ClInclude Include="MathGeoLib\include\Geometry\Frustum.h">
      <Filter>MathGeoLib</Filter>
    </ClInclude>
    <ClInclude Include="MathGeoLib\include\Geometry\GeometryAll.h">
      <Filter>MathGeoLib</Filter>
    </ClInclude>
    <ClInclude Include="MathGeoLib\include\Geometry\GeomType.h">
      <Filter>MathGeoLib</Filter>
    </ClInclude>
    <ClInclude Include="MathGeoLib\include\Geometry\HitInfo.h">
      <Filter>MathGeoLib</Filter>
    </ClInclude>
    <ClInclude Include="MathGeoLib\include\Geometry\KDTree.h">
      <Filter>MathGeoLib</Filter>
    </ClInclude>
    <ClInclude Include="MathGeoLib\include\Geometry\Line.h">
      <Filter>MathGeoLib</Filter>
    </ClInclude>
    <ClInclude Include="MathGeoLib\include\Geometry\LineSegment.h">
      <Filter>MathGeoLib</Filter>
    </ClInclude>
    <ClInclude Include="MathGeoLib\include\Geometry\OBB.h">
      <Filter>MathGeoLib</Filter>
    </ClInclude>
    <ClInclude Include="MathGeoLib\include\Geometry\PBVolume.h">
      <Filter>MathGeoLib</Filter>
    </ClInclude>
    <ClInclude Include="MathGeoLib\include\Geometry\Plane.h">
      <Filter>MathGeoLib</Filter>
    </ClInclude>
    <ClInclude Include="MathGeoLib\include\Geometry\Polygon.h">
      <Filter>MathGeoLib</Filter>
    </ClInclude>
    <ClInclude Include="MathGeoLib\include\Geometry\Polyhedron.h">
      <Filter>MathGeoLib</Filter>
    </ClInclude>
    <ClInclude Include="MathGeoLib\include\Geometry\QuadTree.h">
      <Filter>MathGeoLib</Filter>
    </ClInclude>
    <ClInclude Include="MathGeoLib\include\Geometry\Ray.h">
      <Filter>MathGeoLib</Filter>
    </ClInclude>
    <ClInclude Include="MathGeoLib\include\Geometry\Sphere.h">
      <Filter>MathGeoLib</Filter>
    </ClInclude>
    <ClInclude Include="MathGeoLib\include\Geometry\Triangle.h">
      <Filter>MathGeoLib</Filter>
    </ClInclude>
    <ClInclude Include="MathGeoLib\include\Geometry\TriangleMesh.h">
      <Filter>MathGeoLib</Filter>
    </ClInclude>
    <ClInclude Include="MathGeoLib\include\Algorithm\Random\LCG.h">
      <Filter>MathGeoLib</Filter>
    </ClInclude>
    <ClInclude Include="ModuleTriangle.h" />
    <ClInclude Include="ModuleEditor.h" />
    <ClInclude Include="ImGUI\imconfig.h">
      <Filter>ImGui</Filter>
    </ClInclude>
    <ClInclude Include="ImGUI\imgui.h">
      <Filter>ImGui</Filter>
    </ClInclude>
    <ClInclude Include="ImGUI\imgui_impl_opengl3.h">
      <Filter>ImGui</Filter>
    </ClInclude>
    <ClInclude Include="ImGUI\imgui_impl_sdl.h">
      <Filter>ImGui</Filter>
    </ClInclude>
    <ClInclude Include="ImGUI\imgui_internal.h">
      <Filter>ImGui</Filter>
    </ClInclude>
    <ClInclude Include="ImGUI\imstb_rectpack.h">
      <Filter>ImGui</Filter>
    </ClInclude>
    <ClInclude Include="ImGUI\imstb_textedit.h">
      <Filter>ImGui</Filter>
    </ClInclude>
    <ClInclude Include="ImGUI\imstb_truetype.h">
      <Filter>ImGui</Filter>
    </ClInclude>
    <ClInclude Include="ModuleEditorCamera.h" />
    <ClInclude Include="ModuleProgramShader.h" />
    <ClInclude Include="MsTimer.h" />
    <ClInclude Include="MicroTimer.h" />
    <ClInclude Include="ModuleTexture.h" />
    <ClInclude Include="ModuleModelLoader.h" />
    <ClInclude Include="Mesh.h" />
    <ClInclude Include="ModuleTime.h" />
    <ClInclude Include="IconsFontAwesome5.h" />
    <ClInclude Include="IconsFontAwesome5Brands.h" />
    <ClInclude Include="Point.h" />
    <ClInclude Include="ModuleScene.h" />
    <ClInclude Include="GameObject.h" />
    <ClInclude Include="ComponentTransform.h" />
    <ClInclude Include="ComponentCamera.h" />
    <ClInclude Include="ComponentMaterial.h" />
    <ClInclude Include="ComponentMesh.h" />
    <ClInclude Include="Skybox.h" />
    <ClInclude Include="ModuleDebugDraw.h" />
    <ClInclude Include="Component.h" />
    <ClInclude Include="Dummy.h" />
    <ClInclude Include="ModuleSpacePartition.h" />
    <ClInclude Include="AABBTree.h" />
    <ClInclude Include="AABBTreeNode.h" />
    <ClInclude Include="Util\debug_draw.hpp" />
    <ClInclude Include="Util\par_shapes.h" />
    <ClInclude Include="Object.h" />
    <ClInclude Include="Util\uuid\uuid-io.h">
      <Filter>uuid</Filter>
    </ClInclude>
    <ClInclude Include="Util\uuid\uuid.h">
      <Filter>uuid</Filter>
    </ClInclude>
    <ClInclude Include="Util\uuid\export.h">
      <Filter>uuid</Filter>
    </ClInclude>
    <ClInclude Include="Util\uuid\version.h">
      <Filter>uuid</Filter>
    </ClInclude>
    <ClInclude Include="physfs-3.0.2\src\physfs.h">
      <Filter>physfs</Filter>
    </ClInclude>
    <ClInclude Include="physfs-3.0.2\src\physfs_casefolding.h">
      <Filter>physfs</Filter>
    </ClInclude>
    <ClInclude Include="physfs-3.0.2\src\physfs_internal.h">
      <Filter>physfs</Filter>
    </ClInclude>
    <ClInclude Include="physfs-3.0.2\src\physfs_lzmasdk.h">
      <Filter>physfs</Filter>
    </ClInclude>
    <ClInclude Include="physfs-3.0.2\src\physfs_miniz.h">
      <Filter>physfs</Filter>
    </ClInclude>
    <ClInclude Include="physfs-3.0.2\src\physfs_platforms.h">
      <Filter>physfs</Filter>
    </ClInclude>
  </ItemGroup>
  <ItemGroup>
    <Filter Include="MathGeoLib">
      <UniqueIdentifier>{65c5caa7-382f-4671-9a54-d570409da0f6}</UniqueIdentifier>
    </Filter>
    <Filter Include="ImGui">
      <UniqueIdentifier>{b6885186-5696-4a2f-b51e-ec951e957dea}</UniqueIdentifier>
    </Filter>
    <Filter Include="uuid">
      <UniqueIdentifier>{18051d56-9fa0-4397-ac44-86ab3fbd809d}</UniqueIdentifier>
    </Filter>
    <Filter Include="physfs">
      <UniqueIdentifier>{83746ae7-2788-4a41-9444-56ded762e83a}</UniqueIdentifier>
    </Filter>
  </ItemGroup>
  <ItemGroup>
    <None Include="MathGeoLib\include\Math\Matrix.inl">
      <Filter>MathGeoLib</Filter>
    </None>
    <None Include="MathGeoLib\include\Geometry\KDTree.inl">
      <Filter>MathGeoLib</Filter>
    </None>
    <None Include="MathGeoLib\include\Geometry\QuadTree.inl">
      <Filter>MathGeoLib</Filter>
    </None>
    <None Include="MathGeoLib\include\Geometry\TriangleMesh_IntersectRay_AVX.inl">
      <Filter>MathGeoLib</Filter>
    </None>
    <None Include="MathGeoLib\include\Geometry\TriangleMesh_IntersectRay_CPP.inl">
      <Filter>MathGeoLib</Filter>
    </None>
    <None Include="MathGeoLib\include\Geometry\TriangleMesh_IntersectRay_SSE.inl">
      <Filter>MathGeoLib</Filter>
    </None>
    <None Include="Util\uuid\uuid.ixx">
      <Filter>uuid</Filter>
    </None>
    <None Include="physfs-3.0.2\src\physfs_platform_apple.m">
      <Filter>physfs</Filter>
    </None>
  </ItemGroup>
</Project>